
Microsoft Visual Studio Solution File, Format Version 12.00
# Visual Studio Version 16
VisualStudioVersion = 16.0.30406.217
MinimumVisualStudioVersion = 10.0.40219.1
Project("{FAE04EC0-301F-11D3-BF4B-00C04F79EFBC}") = "PlanStudyOptions.WPF", "PlanStudyOptions.WPF\PlanStudyOptions.WPF.csproj", "{DBE3B12A-E43B-4D58-A4CA-20FC511B86DB}"
EndProject
Project("{00D1A9C2-B5F0-4AF3-8072-F6C62B433612}") = "PlanStudyOptionsSqlDB", "PlanStudyOptions.SqlDB\PlanStudyOptionsSqlDB.sqlproj", "{AEED2F76-06B7-4030-ABBF-040D666F2861}"
EndProject
Project("{FAE04EC0-301F-11D3-BF4B-00C04F79EFBC}") = "PlanStudyOptionsLibrary", "PlanStudyOptionsLibrary\PlanStudyOptionsLibrary.csproj", "{99871DBB-11BB-4AE6-BB2C-7A938DD96343}"
EndProject
Global
	GlobalSection(SolutionConfigurationPlatforms) = preSolution
		Debug|Any CPU = Debug|Any CPU
		Release|Any CPU = Release|Any CPU
	EndGlobalSection
	GlobalSection(ProjectConfigurationPlatforms) = postSolution
		{DBE3B12A-E43B-4D58-A4CA-20FC511B86DB}.Debug|Any CPU.ActiveCfg = Debug|Any CPU
		{DBE3B12A-E43B-4D58-A4CA-20FC511B86DB}.Debug|Any CPU.Build.0 = Debug|Any CPU
		{DBE3B12A-E43B-4D58-A4CA-20FC511B86DB}.Release|Any CPU.ActiveCfg = Release|Any CPU
		{DBE3B12A-E43B-4D58-A4CA-20FC511B86DB}.Release|Any CPU.Build.0 = Release|Any CPU
		{AEED2F76-06B7-4030-ABBF-040D666F2861}.Debug|Any CPU.ActiveCfg = Debug|Any CPU
		{AEED2F76-06B7-4030-ABBF-040D666F2861}.Debug|Any CPU.Build.0 = Debug|Any CPU
		{AEED2F76-06B7-4030-ABBF-040D666F2861}.Debug|Any CPU.Deploy.0 = Debug|Any CPU
		{AEED2F76-06B7-4030-ABBF-040D666F2861}.Release|Any CPU.ActiveCfg = Release|Any CPU
		{AEED2F76-06B7-4030-ABBF-040D666F2861}.Release|Any CPU.Build.0 = Release|Any CPU
		{AEED2F76-06B7-4030-ABBF-040D666F2861}.Release|Any CPU.Deploy.0 = Release|Any CPU
		{99871DBB-11BB-4AE6-BB2C-7A938DD96343}.Debug|Any CPU.ActiveCfg = Debug|Any CPU
		{99871DBB-11BB-4AE6-BB2C-7A938DD96343}.Debug|Any CPU.Build.0 = Debug|Any CPU
		{99871DBB-11BB-4AE6-BB2C-7A938DD96343}.Release|Any CPU.ActiveCfg = Release|Any CPU
		{99871DBB-11BB-4AE6-BB2C-7A938DD96343}.Release|Any CPU.Build.0 = Release|Any CPU
	EndGlobalSection
	GlobalSection(SolutionProperties) = preSolution
		HideSolutionNode = FALSE
	EndGlobalSection
	GlobalSection(ExtensibilityGlobals) = postSolution
		SolutionGuid = {8ABFC534-3C49-4CF3-9CF2-0066E9AD5C8D}
	EndGlobalSection
EndGlobal
